
Microsoft Visual Studio Solution File, Format Version 12.00
# Visual Studio 15
Project("{FAE04EC0-301F-11D3-BF4B-00C04F79EFBC}") = "SRConnect.Android", "SRConnect.Android\SRConnect.Android.csproj", "{5B07B1A6-F10B-4F46-8003-69A48D763F78}"
EndProject
Project("{FAE04EC0-301F-11D3-BF4B-00C04F79EFBC}") = "SRConnect.iOS", "SRConnect.iOS\SRConnect.iOS.csproj", "{6BB02962-54AB-4771-92B5-F4B984CFE4FA}"
EndProject
Project("{FAE04EC0-301F-11D3-BF4B-00C04F79EFBC}") = "SRConnect", "SRConnect\SRConnect.csproj", "{C178E5E9-079C-4B85-A854-1C5E8AAE55FC}"
EndProject
Global
	GlobalSection(SolutionConfigurationPlatforms) = preSolution
		Debug|Any CPU = Debug|Any CPU
		Release|Any CPU = Release|Any CPU
		Debug|iPhoneSimulator = Debug|iPhoneSimulator
		Release|iPhoneSimulator = Release|iPhoneSimulator
		Debug|iPhone = Debug|iPhone
		Release|iPhone = Release|iPhone
	EndGlobalSection
	GlobalSection(ProjectConfigurationPlatforms) = postSolution
		{5B07B1A6-F10B-4F46-8003-69A48D763F78}.Debug|Any CPU.ActiveCfg = Debug|Any CPU
		{5B07B1A6-F10B-4F46-8003-69A48D763F78}.Debug|Any CPU.Build.0 = Debug|Any CPU
		{5B07B1A6-F10B-4F46-8003-69A48D763F78}.Release|Any CPU.ActiveCfg = Release|Any CPU
		{5B07B1A6-F10B-4F46-8003-69A48D763F78}.Release|Any CPU.Build.0 = Release|Any CPU
		{5B07B1A6-F10B-4F46-8003-69A48D763F78}.Debug|iPhoneSimulator.ActiveCfg = Debug|Any CPU
		{5B07B1A6-F10B-4F46-8003-69A48D763F78}.Debug|iPhoneSimulator.Build.0 = Debug|Any CPU
		{5B07B1A6-F10B-4F46-8003-69A48D763F78}.Release|iPhoneSimulator.ActiveCfg = Release|Any CPU
		{5B07B1A6-F10B-4F46-8003-69A48D763F78}.Release|iPhoneSimulator.Build.0 = Release|Any CPU
		{5B07B1A6-F10B-4F46-8003-69A48D763F78}.Debug|iPhone.ActiveCfg = Debug|Any CPU
		{5B07B1A6-F10B-4F46-8003-69A48D763F78}.Debug|iPhone.Build.0 = Debug|Any CPU
		{5B07B1A6-F10B-4F46-8003-69A48D763F78}.Release|iPhone.ActiveCfg = Release|Any CPU
		{5B07B1A6-F10B-4F46-8003-69A48D763F78}.Release|iPhone.Build.0 = Release|Any CPU
		{6BB02962-54AB-4771-92B5-F4B984CFE4FA}.Debug|Any CPU.ActiveCfg = Debug|iPhoneSimulator
		{6BB02962-54AB-4771-92B5-F4B984CFE4FA}.Debug|Any CPU.Build.0 = Debug|iPhoneSimulator
		{6BB02962-54AB-4771-92B5-F4B984CFE4FA}.Release|Any CPU.ActiveCfg = Release|iPhoneSimulator
		{6BB02962-54AB-4771-92B5-F4B984CFE4FA}.Release|Any CPU.Build.0 = Release|iPhoneSimulator
		{6BB02962-54AB-4771-92B5-F4B984CFE4FA}.Debug|iPhoneSimulator.ActiveCfg = Debug|iPhoneSimulator
		{6BB02962-54AB-4771-92B5-F4B984CFE4FA}.Debug|iPhoneSimulator.Build.0 = Debug|iPhoneSimulator
		{6BB02962-54AB-4771-92B5-F4B984CFE4FA}.Release|iPhoneSimulator.ActiveCfg = Release|iPhoneSimulator
		{6BB02962-54AB-4771-92B5-F4B984CFE4FA}.Release|iPhoneSimulator.Build.0 = Release|iPhoneSimulator
		{6BB02962-54AB-4771-92B5-F4B984CFE4FA}.Debug|iPhone.ActiveCfg = Debug|iPhone
		{6BB02962-54AB-4771-92B5-F4B984CFE4FA}.Debug|iPhone.Build.0 = Debug|iPhone
		{6BB02962-54AB-4771-92B5-F4B984CFE4FA}.Release|iPhone.ActiveCfg = Release|iPhone
		{6BB02962-54AB-4771-92B5-F4B984CFE4FA}.Release|iPhone.Build.0 = Release|iPhone
		{C178E5E9-079C-4B85-A854-1C5E8AAE55FC}.Debug|Any CPU.ActiveCfg = Debug|Any CPU
		{C178E5E9-079C-4B85-A854-1C5E8AAE55FC}.Debug|Any CPU.Build.0 = Debug|Any CPU
		{C178E5E9-079C-4B85-A854-1C5E8AAE55FC}.Release|Any CPU.ActiveCfg = Release|Any CPU
		{C178E5E9-079C-4B85-A854-1C5E8AAE55FC}.Release|Any CPU.Build.0 = Release|Any CPU
		{C178E5E9-079C-4B85-A854-1C5E8AAE55FC}.Debug|iPhoneSimulator.ActiveCfg = Debug|Any CPU
		{C178E5E9-079C-4B85-A854-1C5E8AAE55FC}.Debug|iPhoneSimulator.Build.0 = Debug|Any CPU
		{C178E5E9-079C-4B85-A854-1C5E8AAE55FC}.Release|iPhoneSimulator.ActiveCfg = Release|Any CPU
		{C178E5E9-079C-4B85-A854-1C5E8AAE55FC}.Release|iPhoneSimulator.Build.0 = Release|Any CPU
		{C178E5E9-079C-4B85-A854-1C5E8AAE55FC}.Debug|iPhone.ActiveCfg = Debug|Any CPU
		{C178E5E9-079C-4B85-A854-1C5E8AAE55FC}.Debug|iPhone.Build.0 = Debug|Any CPU
		{C178E5E9-079C-4B85-A854-1C5E8AAE55FC}.Release|iPhone.ActiveCfg = Release|Any CPU
		{C178E5E9-079C-4B85-A854-1C5E8AAE55FC}.Release|iPhone.Build.0 = Release|Any CPU
	EndGlobalSection
EndGlobal
